// !$*UTF8*$!
{
	archiveVersion = 1;
	classes = {
	};
	objectVersion = 56;
	objects = {

/* Begin PBXBuildFile section */
		821658A22B94C3CF00A53E30 /* HomeViewController.swift in Sources */ = {isa = PBXBuildFile; fileRef = 821658A12B94C3CF00A53E30 /* HomeViewController.swift */; };
		8243EE292B95C1DD005D0DD9 /* TableViewViewController.swift in Sources */ = {isa = PBXBuildFile; fileRef = 8243EE282B95C1DD005D0DD9 /* TableViewViewController.swift */; };
		826551C62B8D0E2000F9F898 /* AppDelegate.swift in Sources */ = {isa = PBXBuildFile; fileRef = 826551C52B8D0E2000F9F898 /* AppDelegate.swift */; };
		826551C82B8D0E2000F9F898 /* SceneDelegate.swift in Sources */ = {isa = PBXBuildFile; fileRef = 826551C72B8D0E2000F9F898 /* SceneDelegate.swift */; };
		826551CA2B8D0E2000F9F898 /* ViewController.swift in Sources */ = {isa = PBXBuildFile; fileRef = 826551C92B8D0E2000F9F898 /* ViewController.swift */; };
		826551CD2B8D0E2000F9F898 /* Main.storyboard in Resources */ = {isa = PBXBuildFile; fileRef = 826551CB2B8D0E2000F9F898 /* Main.storyboard */; };
		826551CF2B8D0E2300F9F898 /* Assets.xcassets in Resources */ = {isa = PBXBuildFile; fileRef = 826551CE2B8D0E2300F9F898 /* Assets.xcassets */; };
		826551D22B8D0E2300F9F898 /* LaunchScreen.storyboard in Resources */ = {isa = PBXBuildFile; fileRef = 826551D02B8D0E2300F9F898 /* LaunchScreen.storyboard */; };
		826551DD2B8D0E2300F9F898 /* TestAppTests.swift in Sources */ = {isa = PBXBuildFile; fileRef = 826551DC2B8D0E2300F9F898 /* TestAppTests.swift */; };
		826551E72B8D0E2300F9F898 /* TestAppUITests.swift in Sources */ = {isa = PBXBuildFile; fileRef = 826551E62B8D0E2300F9F898 /* TestAppUITests.swift */; };
		826551E92B8D0E2300F9F898 /* TestAppUITestsLaunchTests.swift in Sources */ = {isa = PBXBuildFile; fileRef = 826551E82B8D0E2300F9F898 /* TestAppUITestsLaunchTests.swift */; };
		826551F62B8D16CD00F9F898 /* OnBoardViewController.swift in Sources */ = {isa = PBXBuildFile; fileRef = 826551F52B8D16CD00F9F898 /* OnBoardViewController.swift */; };
/* End PBXBuildFile section */

/* Begin PBXContainerItemProxy section */
		826551D92B8D0E2300F9F898 /* PBXContainerItemProxy */ = {
			isa = PBXContainerItemProxy;
			containerPortal = 826551BA2B8D0E2000F9F898 /* Project object */;
			proxyType = 1;
			remoteGlobalIDString = 826551C12B8D0E2000F9F898;
			remoteInfo = TestApp;
		};
		826551E32B8D0E2300F9F898 /* PBXContainerItemProxy */ = {
			isa = PBXContainerItemProxy;
			containerPortal = 826551BA2B8D0E2000F9F898 /* Project object */;
			proxyType = 1;
			remoteGlobalIDString = 826551C12B8D0E2000F9F898;
			remoteInfo = TestApp;
		};
/* End PBXContainerItemProxy section */

/* Begin PBXFileReference section */
		821658A12B94C3CF00A53E30 /* HomeViewController.swift */ = {isa = PBXFileReference; lastKnownFileType = sourcecode.swift; path = HomeViewController.swift; sourceTree = "<group>"; };
		8243EE282B95C1DD005D0DD9 /* TableViewViewController.swift */ = {isa = PBXFileReference; lastKnownFileType = sourcecode.swift; path = TableViewViewController.swift; sourceTree = "<group>"; };
		826551C22B8D0E2000F9F898 /* TestApp.app */ = {isa = PBXFileReference; explicitFileType = wrapper.application; includeInIndex = 0; path = TestApp.app; sourceTree = BUILT_PRODUCTS_DIR; };
		826551C52B8D0E2000F9F898 /* AppDelegate.swift */ = {isa = PBXFileReference; lastKnownFileType = sourcecode.swift; path = AppDelegate.swift; sourceTree = "<group>"; };
		826551C72B8D0E2000F9F898 /* SceneDelegate.swift */ = {isa = PBXFileReference; lastKnownFileType = sourcecode.swift; path = SceneDelegate.swift; sourceTree = "<group>"; };
		826551C92B8D0E2000F9F898 /* ViewController.swift */ = {isa = PBXFileReference; lastKnownFileType = sourcecode.swift; path = ViewController.swift; sourceTree = "<group>"; };
		826551CC2B8D0E2000F9F898 /* Base */ = {isa = PBXFileReference; lastKnownFileType = file.storyboard; name = Base; path = Base.lproj/Main.storyboard; sourceTree = "<group>"; };
		826551CE2B8D0E2300F9F898 /* Assets.xcassets */ = {isa = PBXFileReference; lastKnownFileType = folder.assetcatalog; path = Assets.xcassets; sourceTree = "<group>"; };
		826551D12B8D0E2300F9F898 /* Base */ = {isa = PBXFileReference; lastKnownFileType = file.storyboard; name = Base; path = Base.lproj/LaunchScreen.storyboard; sourceTree = "<group>"; };
		826551D32B8D0E2300F9F898 /* Info.plist */ = {isa = PBXFileReference; lastKnownFileType = text.plist.xml; path = Info.plist; sourceTree = "<group>"; };
		826551D82B8D0E2300F9F898 /* TestAppTests.xctest */ = {isa = PBXFileReference; explicitFileType = wrapper.cfbundle; includeInIndex = 0; path = TestAppTests.xctest; sourceTree = BUILT_PRODUCTS_DIR; };
		826551DC2B8D0E2300F9F898 /* TestAppTests.swift */ = {isa = PBXFileReference; lastKnownFileType = sourcecode.swift; path = TestAppTests.swift; sourceTree = "<group>"; };
		826551E22B8D0E2300F9F898 /* TestAppUITests.xctest */ = {isa = PBXFileReference; explicitFileType = wrapper.cfbundle; includeInIndex = 0; path = TestAppUITests.xctest; sourceTree = BUILT_PRODUCTS_DIR; };
		826551E62B8D0E2300F9F898 /* TestAppUITests.swift */ = {isa = PBXFileReference; lastKnownFileType = sourcecode.swift; path = TestAppUITests.swift; sourceTree = "<group>"; };
		826551E82B8D0E2300F9F898 /* TestAppUITestsLaunchTests.swift */ = {isa = PBXFileReference; lastKnownFileType = sourcecode.swift; path = TestAppUITestsLaunchTests.swift; sourceTree = "<group>"; };
		826551F52B8D16CD00F9F898 /* OnBoardViewController.swift */ = {isa = PBXFileReference; lastKnownFileType = sourcecode.swift; path = OnBoardViewController.swift; sourceTree = "<group>"; };
/* End PBXFileReference section */

/* Begin PBXFrameworksBuildPhase section */
		826551BF2B8D0E2000F9F898 /* Frameworks */ = {
			isa = PBXFrameworksBuildPhase;
			buildActionMask = 2147483647;
			files = (
			);
			runOnlyForDeploymentPostprocessing = 0;
		};
		826551D52B8D0E2300F9F898 /* Frameworks */ = {
			isa = PBXFrameworksBuildPhase;
			buildActionMask = 2147483647;
			files = (
			);
			runOnlyForDeploymentPostprocessing = 0;
		};
		826551DF2B8D0E2300F9F898 /* Frameworks */ = {
			isa = PBXFrameworksBuildPhase;
			buildActionMask = 2147483647;
			files = (
			);
			runOnlyForDeploymentPostprocessing = 0;
		};
/* End PBXFrameworksBuildPhase section */

/* Begin PBXGroup section */
		821658A02B94C3A600A53E30 /* HomeScreen */ = {
			isa = PBXGroup;
			children = (
				821658A12B94C3CF00A53E30 /* HomeViewController.swift */,
			);
			path = HomeScreen;
			sourceTree = "<group>";
		};
		8243EE272B95C1B1005D0DD9 /* TableViewScreen */ = {
			isa = PBXGroup;
			children = (
				8243EE282B95C1DD005D0DD9 /* TableViewViewController.swift */,
			);
			path = TableViewScreen;
			sourceTree = "<group>";
		};
		826551B92B8D0E2000F9F898 = {
			isa = PBXGroup;
			children = (
				826551C42B8D0E2000F9F898 /* TestApp */,
				826551DB2B8D0E2300F9F898 /* TestAppTests */,
				826551E52B8D0E2300F9F898 /* TestAppUITests */,
				826551C32B8D0E2000F9F898 /* Products */,
			);
			sourceTree = "<group>";
		};
		826551C32B8D0E2000F9F898 /* Products */ = {
			isa = PBXGroup;
			children = (
				826551C22B8D0E2000F9F898 /* TestApp.app */,
				826551D82B8D0E2300F9F898 /* TestAppTests.xctest */,
				826551E22B8D0E2300F9F898 /* TestAppUITests.xctest */,
			);
			name = Products;
			sourceTree = "<group>";
		};
		826551C42B8D0E2000F9F898 /* TestApp */ = {
			isa = PBXGroup;
			children = (
				8243EE272B95C1B1005D0DD9 /* TableViewScreen */,
				821658A02B94C3A600A53E30 /* HomeScreen */,
				826551F82B8D174900F9F898 /* OnBoarScreen */,
				826551F72B8D16E200F9F898 /* LoginScreen */,
				826551C52B8D0E2000F9F898 /* AppDelegate.swift */,
				826551C72B8D0E2000F9F898 /* SceneDelegate.swift */,
				826551CB2B8D0E2000F9F898 /* Main.storyboard */,
				826551CE2B8D0E2300F9F898 /* Assets.xcassets */,
				826551D02B8D0E2300F9F898 /* LaunchScreen.storyboard */,
				826551D32B8D0E2300F9F898 /* Info.plist */,
			);
			path = TestApp;
			sourceTree = "<group>";
		};
		826551DB2B8D0E2300F9F898 /* TestAppTests */ = {
			isa = PBXGroup;
			children = (
				826551DC2B8D0E2300F9F898 /* TestAppTests.swift */,
			);
			path = TestAppTests;
			sourceTree = "<group>";
		};
		826551E52B8D0E2300F9F898 /* TestAppUITests */ = {
			isa = PBXGroup;
			children = (
				826551E62B8D0E2300F9F898 /* TestAppUITests.swift */,
				826551E82B8D0E2300F9F898 /* TestAppUITestsLaunchTests.swift */,
			);
			path = TestAppUITests;
			sourceTree = "<group>";
		};
		826551F72B8D16E200F9F898 /* LoginScreen */ = {
			isa = PBXGroup;
			children = (
				826551C92B8D0E2000F9F898 /* ViewController.swift */,
			);
			path = LoginScreen;
			sourceTree = "<group>";
		};
		826551F82B8D174900F9F898 /* OnBoarScreen */ = {
			isa = PBXGroup;
			children = (
				826551F52B8D16CD00F9F898 /* OnBoardViewController.swift */,
			);
			path = OnBoarScreen;
			sourceTree = "<group>";
		};
/* End PBXGroup section */

/* Begin PBXNativeTarget section */
		826551C12B8D0E2000F9F898 /* TestApp */ = {
			isa = PBXNativeTarget;
			buildConfigurationList = 826551EC2B8D0E2300F9F898 /* Build configuration list for PBXNativeTarget "TestApp" */;
			buildPhases = (
				826551BE2B8D0E2000F9F898 /* Sources */,
				826551BF2B8D0E2000F9F898 /* Frameworks */,
				826551C02B8D0E2000F9F898 /* Resources */,
			);
			buildRules = (
			);
			dependencies = (
			);
			name = TestApp;
			productName = TestApp;
			productReference = 826551C22B8D0E2000F9F898 /* TestApp.app */;
			productType = "com.apple.product-type.application";
		};
		826551D72B8D0E2300F9F898 /* TestAppTests */ = {
			isa = PBXNativeTarget;
			buildConfigurationList = 826551EF2B8D0E2300F9F898 /* Build configuration list for PBXNativeTarget "TestAppTests" */;
			buildPhases = (
				826551D42B8D0E2300F9F898 /* Sources */,
				826551D52B8D0E2300F9F898 /* Frameworks */,
				826551D62B8D0E2300F9F898 /* Resources */,
			);
			buildRules = (
			);
			dependencies = (
				826551DA2B8D0E2300F9F898 /* PBXTargetDependency */,
			);
			name = TestAppTests;
			productName = TestAppTests;
			productReference = 826551D82B8D0E2300F9F898 /* TestAppTests.xctest */;
			productType = "com.apple.product-type.bundle.unit-test";
		};
		826551E12B8D0E2300F9F898 /* TestAppUITests */ = {
			isa = PBXNativeTarget;
			buildConfigurationList = 826551F22B8D0E2300F9F898 /* Build configuration list for PBXNativeTarget "TestAppUITests" */;
			buildPhases = (
				826551DE2B8D0E2300F9F898 /* Sources */,
				826551DF2B8D0E2300F9F898 /* Frameworks */,
				826551E02B8D0E2300F9F898 /* Resources */,
			);
			buildRules = (
			);
			dependencies = (
				826551E42B8D0E2300F9F898 /* PBXTargetDependency */,
			);
			name = TestAppUITests;
			productName = TestAppUITests;
			productReference = 826551E22B8D0E2300F9F898 /* TestAppUITests.xctest */;
			productType = "com.apple.product-type.bundle.ui-testing";
		};
/* End PBXNativeTarget section */

/* Begin PBXProject section */
		826551BA2B8D0E2000F9F898 /* Project object */ = {
			isa = PBXProject;
			attributes = {
				BuildIndependentTargetsInParallel = 1;
				LastSwiftUpdateCheck = 1500;
				LastUpgradeCheck = 1500;
				TargetAttributes = {
					826551C12B8D0E2000F9F898 = {
						CreatedOnToolsVersion = 15.0.1;
					};
					826551D72B8D0E2300F9F898 = {
						CreatedOnToolsVersion = 15.0.1;
						TestTargetID = 826551C12B8D0E2000F9F898;
					};
					826551E12B8D0E2300F9F898 = {
						CreatedOnToolsVersion = 15.0.1;
						TestTargetID = 826551C12B8D0E2000F9F898;
					};
				};
			};
			buildConfigurationList = 826551BD2B8D0E2000F9F898 /* Build configuration list for PBXProject "TestApp" */;
			compatibilityVersion = "Xcode 14.0";
			developmentRegion = en;
			hasScannedForEncodings = 0;
			knownRegions = (
				en,
				Base,
			);
			mainGroup = 826551B92B8D0E2000F9F898;
			productRefGroup = 826551C32B8D0E2000F9F898 /* Products */;
			projectDirPath = "";
			projectRoot = "";
			targets = (
				826551C12B8D0E2000F9F898 /* TestApp */,
				826551D72B8D0E2300F9F898 /* TestAppTests */,
				826551E12B8D0E2300F9F898 /* TestAppUITests */,
			);
		};
/* End PBXProject section */

/* Begin PBXResourcesBuildPhase section */
		826551C02B8D0E2000F9F898 /* Resources */ = {
			isa = PBXResourcesBuildPhase;
			buildActionMask = 2147483647;
			files = (
				826551D22B8D0E2300F9F898 /* LaunchScreen.storyboard in Resources */,
				826551CF2B8D0E2300F9F898 /* Assets.xcassets in Resources */,
				826551CD2B8D0E2000F9F898 /* Main.storyboard in Resources */,
			);
			runOnlyForDeploymentPostprocessing = 0;
		};
		826551D62B8D0E2300F9F898 /* Resources */ = {
			isa = PBXResourcesBuildPhase;
			buildActionMask = 2147483647;
			files = (
			);
			runOnlyForDeploymentPostprocessing = 0;
		};
		826551E02B8D0E2300F9F898 /* Resources */ = {
			isa = PBXResourcesBuildPhase;
			buildActionMask = 2147483647;
			files = (
			);
			runOnlyForDeploymentPostprocessing = 0;
		};
/* End PBXResourcesBuildPhase section */

/* Begin PBXSourcesBuildPhase section */
		826551BE2B8D0E2000F9F898 /* Sources */ = {
			isa = PBXSourcesBuildPhase;
			buildActionMask = 2147483647;
			files = (
				821658A22B94C3CF00A53E30 /* HomeViewController.swift in Sources */,
				826551CA2B8D0E2000F9F898 /* ViewController.swift in Sources */,
				826551C62B8D0E2000F9F898 /* AppDelegate.swift in Sources */,
				826551C82B8D0E2000F9F898 /* SceneDelegate.swift in Sources */,
				8243EE292B95C1DD005D0DD9 /* TableViewViewController.swift in Sources */,
				826551F62B8D16CD00F9F898 /* OnBoardViewController.swift in Sources */,
			);
			runOnlyForDeploymentPostprocessing = 0;
		};
		826551D42B8D0E2300F9F898 /* Sources */ = {
			isa = PBXSourcesBuildPhase;
			buildActionMask = 2147483647;
			files = (
				826551DD2B8D0E2300F9F898 /* TestAppTests.swift in Sources */,
			);
			runOnlyForDeploymentPostprocessing = 0;
		};
		826551DE2B8D0E2300F9F898 /* Sources */ = {
			isa = PBXSourcesBuildPhase;
			buildActionMask = 2147483647;
			files = (
				826551E92B8D0E2300F9F898 /* TestAppUITestsLaunchTests.swift in Sources */,
				826551E72B8D0E2300F9F898 /* TestAppUITests.swift in Sources */,
			);
			runOnlyForDeploymentPostprocessing = 0;
		};
/* End PBXSourcesBuildPhase section */

/* Begin PBXTargetDependency section */
		826551DA2B8D0E2300F9F898 /* PBXTargetDependency */ = {
			isa = PBXTargetDependency;
			target = 826551C12B8D0E2000F9F898 /* TestApp */;
			targetProxy = 826551D92B8D0E2300F9F898 /* PBXContainerItemProxy */;
		};
		826551E42B8D0E2300F9F898 /* PBXTargetDependency */ = {
			isa = PBXTargetDependency;
			target = 826551C12B8D0E2000F9F898 /* TestApp */;
			targetProxy = 826551E32B8D0E2300F9F898 /* PBXContainerItemProxy */;
		};
/* End PBXTargetDependency section */

/* Begin PBXVariantGroup section */
		826551CB2B8D0E2000F9F898 /* Main.storyboard */ = {
			isa = PBXVariantGroup;
			children = (
				826551CC2B8D0E2000F9F898 /* Base */,
			);
			name = Main.storyboard;
			sourceTree = "<group>";
		};
		826551D02B8D0E2300F9F898 /* LaunchScreen.storyboard */ = {
			isa = PBXVariantGroup;
			children = (
				826551D12B8D0E2300F9F898 /* Base */,
			);
			name = LaunchScreen.storyboard;
			sourceTree = "<group>";
		};
/* End PBXVariantGroup section */

/* Begin XCBuildConfiguration section */
		826551EA2B8D0E2300F9F898 /* Debug */ = {
			isa = XCBuildConfiguration;
			buildSettings = {
				ALWAYS_SEARCH_USER_PATHS = NO;
				ASSETCATALOG_COMPILER_GENERATE_SWIFT_ASSET_SYMBOL_EXTENSIONS = YES;
				CLANG_ANALYZER_NONNULL = YES;
				CLANG_ANALYZER_NUMBER_OBJECT_CONVERSION = YES_AGGRESSIVE;
				CLANG_CXX_LANGUAGE_STANDARD = "gnu++20";
				CLANG_ENABLE_MODULES = YES;
				CLANG_ENABLE_OBJC_ARC = YES;
				CLANG_ENABLE_OBJC_WEAK = YES;
				CLANG_WARN_BLOCK_CAPTURE_AUTORELEASING = YES;
				CLANG_WARN_BOOL_CONVERSION = YES;
				CLANG_WARN_COMMA = YES;
				CLANG_WARN_CONSTANT_CONVERSION = YES;
				CLANG_WARN_DEPRECATED_OBJC_IMPLEMENTATIONS = YES;
				CLANG_WARN_DIRECT_OBJC_ISA_USAGE = YES_ERROR;
				CLANG_WARN_DOCUMENTATION_COMMENTS = YES;
				CLANG_WARN_EMPTY_BODY = YES;
				CLANG_WARN_ENUM_CONVERSION = YES;
				CLANG_WARN_INFINITE_RECURSION = YES;
				CLANG_WARN_INT_CONVERSION = YES;
				CLANG_WARN_NON_LITERAL_NULL_CONVERSION = YES;
				CLANG_WARN_OBJC_IMPLICIT_RETAIN_SELF = YES;
				CLANG_WARN_OBJC_LITERAL_CONVERSION = YES;
				CLANG_WARN_OBJC_ROOT_CLASS = YES_ERROR;
				CLANG_WARN_QUOTED_INCLUDE_IN_FRAMEWORK_HEADER = YES;
				CLANG_WARN_RANGE_LOOP_ANALYSIS = YES;
				CLANG_WARN_STRICT_PROTOTYPES = YES;
				CLANG_WARN_SUSPICIOUS_MOVE = YES;
				CLANG_WARN_UNGUARDED_AVAILABILITY = YES_AGGRESSIVE;
				CLANG_WARN_UNREACHABLE_CODE = YES;
				CLANG_WARN__DUPLICATE_METHOD_MATCH = YES;
				COPY_PHASE_STRIP = NO;
				DEBUG_INFORMATION_FORMAT = dwarf;
				ENABLE_STRICT_OBJC_MSGSEND = YES;
				ENABLE_TESTABILITY = YES;
				ENABLE_USER_SCRIPT_SANDBOXING = YES;
				GCC_C_LANGUAGE_STANDARD = gnu17;
				GCC_DYNAMIC_NO_PIC = NO;
				GCC_NO_COMMON_BLOCKS = YES;
				GCC_OPTIMIZATION_LEVEL = 0;
				GCC_PREPROCESSOR_DEFINITIONS = (
					"DEBUG=1",
					"$(inherited)",
				);
				GCC_WARN_64_TO_32_BIT_CONVERSION = YES;
				GCC_WARN_ABOUT_RETURN_TYPE = YES_ERROR;
				GCC_WARN_UNDECLARED_SELECTOR = YES;
				GCC_WARN_UNINITIALIZED_AUTOS = YES_AGGRESSIVE;
				GCC_WARN_UNUSED_FUNCTION = YES;
				GCC_WARN_UNUSED_VARIABLE = YES;
				IPHONEOS_DEPLOYMENT_TARGET = 17.0;
				LOCALIZATION_PREFERS_STRING_CATALOGS = YES;
				MTL_ENABLE_DEBUG_INFO = INCLUDE_SOURCE;
				MTL_FAST_MATH = YES;
				ONLY_ACTIVE_ARCH = YES;
				SDKROOT = iphoneos;
				SWIFT_ACTIVE_COMPILATION_CONDITIONS = "DEBUG $(inherited)";
				SWIFT_OPTIMIZATION_LEVEL = "-Onone";
			};
			name = Debug;
		};
		826551EB2B8D0E2300F9F898 /* Release */ = {
			isa = XCBuildConfiguration;
			buildSettings = {
				ALWAYS_SEARCH_USER_PATHS = NO;
				ASSETCATALOG_COMPILER_GENERATE_SWIFT_ASSET_SYMBOL_EXTENSIONS = YES;
				CLANG_ANALYZER_NONNULL = YES;
				CLANG_ANALYZER_NUMBER_OBJECT_CONVERSION = YES_AGGRESSIVE;
				CLANG_CXX_LANGUAGE_STANDARD = "gnu++20";
				CLANG_ENABLE_MODULES = YES;
				CLANG_ENABLE_OBJC_ARC = YES;
				CLANG_ENABLE_OBJC_WEAK = YES;
				CLANG_WARN_BLOCK_CAPTURE_AUTORELEASING = YES;
				CLANG_WARN_BOOL_CONVERSION = YES;
				CLANG_WARN_COMMA = YES;
				CLANG_WARN_CONSTANT_CONVERSION = YES;
				CLANG_WARN_DEPRECATED_OBJC_IMPLEMENTATIONS = YES;
				CLANG_WARN_DIRECT_OBJC_ISA_USAGE = YES_ERROR;
				CLANG_WARN_DOCUMENTATION_COMMENTS = YES;
				CLANG_WARN_EMPTY_BODY = YES;
				CLANG_WARN_ENUM_CONVERSION = YES;
				CLANG_WARN_INFINITE_RECURSION = YES;
				CLANG_WARN_INT_CONVERSION = YES;
				CLANG_WARN_NON_LITERAL_NULL_CONVERSION = YES;
				CLANG_WARN_OBJC_IMPLICIT_RETAIN_SELF = YES;
				CLANG_WARN_OBJC_LITERAL_CONVERSION = YES;
				CLANG_WARN_OBJC_ROOT_CLASS = YES_ERROR;
				CLANG_WARN_QUOTED_INCLUDE_IN_FRAMEWORK_HEADER = YES;
				CLANG_WARN_RANGE_LOOP_ANALYSIS = YES;
				CLANG_WARN_STRICT_PROTOTYPES = YES;
				CLANG_WARN_SUSPICIOUS_MOVE = YES;
				CLANG_WARN_UNGUARDED_AVAILABILITY = YES_AGGRESSIVE;
				CLANG_WARN_UNREACHABLE_CODE = YES;
				CLANG_WARN__DUPLICATE_METHOD_MATCH = YES;
				COPY_PHASE_STRIP = NO;
				DEBUG_INFORMATION_FORMAT = "dwarf-with-dsym";
				ENABLE_NS_ASSERTIONS = NO;
				ENABLE_STRICT_OBJC_MSGSEND = YES;
				ENABLE_USER_SCRIPT_SANDBOXING = YES;
				GCC_C_LANGUAGE_STANDARD = gnu17;
				GCC_NO_COMMON_BLOCKS = YES;
				GCC_WARN_64_TO_32_BIT_CONVERSION = YES;
				GCC_WARN_ABOUT_RETURN_TYPE = YES_ERROR;
				GCC_WARN_UNDECLARED_SELECTOR = YES;
				GCC_WARN_UNINITIALIZED_AUTOS = YES_AGGRESSIVE;
				GCC_WARN_UNUSED_FUNCTION = YES;
				GCC_WARN_UNUSED_VARIABLE = YES;
				IPHONEOS_DEPLOYMENT_TARGET = 17.0;
				LOCALIZATION_PREFERS_STRING_CATALOGS = YES;
				MTL_ENABLE_DEBUG_INFO = NO;
				MTL_FAST_MATH = YES;
				SDKROOT = iphoneos;
				SWIFT_COMPILATION_MODE = wholemodule;
				VALIDATE_PRODUCT = YES;
			};
			name = Release;
		};
		826551ED2B8D0E2300F9F898 /* Debug */ = {
			isa = XCBuildConfiguration;
			buildSettings = {
				ASSETCATALOG_COMPILER_APPICON_NAME = AppIcon;
				ASSETCATALOG_COMPILER_GLOBAL_ACCENT_COLOR_NAME = AccentColor;
				CODE_SIGN_STYLE = Automatic;
				CURRENT_PROJECT_VERSION = 1;
				DEVELOPMENT_TEAM = 467XKF52W7;
				GENERATE_INFOPLIST_FILE = YES;
				INFOPLIST_FILE = TestApp/Info.plist;
				INFOPLIST_KEY_UIApplicationSupportsIndirectInputEvents = YES;
				INFOPLIST_KEY_UILaunchStoryboardName = LaunchScreen;
				INFOPLIST_KEY_UIMainStoryboardFile = Main;
				INFOPLIST_KEY_UISupportedInterfaceOrientations_iPad = "UIInterfaceOrientationPortrait UIInterfaceOrientationPortraitUpsideDown UIInterfaceOrientationLandscapeLeft UIInterfaceOrientationLandscapeRight";
				INFOPLIST_KEY_UISupportedInterfaceOrientations_iPhone = "UIInterfaceOrientationPortrait UIInterfaceOrientationLandscapeLeft UIInterfaceOrientationLandscapeRight";
				IPHONEOS_DEPLOYMENT_TARGET = 12.4;
				LD_RUNPATH_SEARCH_PATHS = (
					"$(inherited)",
					"@executable_path/Frameworks",
				);
				MARKETING_VERSION = 1.0;
				PRODUCT_BUNDLE_IDENTIFIER = com.test.app.TestApp;
				PRODUCT_NAME = "$(TARGET_NAME)";
				SWIFT_EMIT_LOC_STRINGS = YES;
				SWIFT_VERSION = 5.0;
				TARGETED_DEVICE_FAMILY = "1,2";
			};
			name = Debug;
		};
		826551EE2B8D0E2300F9F898 /* Release */ = {
			isa = XCBuildConfiguration;
			buildSettings = {
				ASSETCATALOG_COMPILER_APPICON_NAME = AppIcon;
				ASSETCATALOG_COMPILER_GLOBAL_ACCENT_COLOR_NAME = AccentColor;
				CODE_SIGN_STYLE = Automatic;
				CURRENT_PROJECT_VERSION = 1;
				DEVELOPMENT_TEAM = 467XKF52W7;
				GENERATE_INFOPLIST_FILE = YES;
				INFOPLIST_FILE = TestApp/Info.plist;
				INFOPLIST_KEY_UIApplicationSupportsIndirectInputEvents = YES;
				INFOPLIST_KEY_UILaunchStoryboardName = LaunchScreen;
				INFOPLIST_KEY_UIMainStoryboardFile = Main;
				INFOPLIST_KEY_UISupportedInterfaceOrientations_iPad = "UIInterfaceOrientationPortrait UIInterfaceOrientationPortraitUpsideDown UIInterfaceOrientationLandscapeLeft UIInterfaceOrientationLandscapeRight";
				INFOPLIST_KEY_UISupportedInterfaceOrientations_iPhone = "UIInterfaceOrientationPortrait UIInterfaceOrientationLandscapeLeft UIInterfaceOrientationLandscapeRight";
				IPHONEOS_DEPLOYMENT_TARGET = 12.4;
				LD_RUNPATH_SEARCH_PATHS = (
					"$(inherited)",
					"@executable_path/Frameworks",
				);
				MARKETING_VERSION = 1.0;
				PRODUCT_BUNDLE_IDENTIFIER = com.test.app.TestApp;
				PRODUCT_NAME = "$(TARGET_NAME)";
				SWIFT_EMIT_LOC_STRINGS = YES;
				SWIFT_VERSION = 5.0;
				TARGETED_DEVICE_FAMILY = "1,2";
			};
			name = Release;
		};
		826551F02B8D0E2300F9F898 /* Debug */ = {
			isa = XCBuildConfiguration;
			buildSettings = {
				ALWAYS_EMBED_SWIFT_STANDARD_LIBRARIES = YES;
				BUNDLE_LOADER = "$(TEST_HOST)";
				CODE_SIGN_STYLE = Automatic;
				CURRENT_PROJECT_VERSION = 1;
				DEVELOPMENT_TEAM = 467XKF52W7;
				GENERATE_INFOPLIST_FILE = YES;
				IPHONEOS_DEPLOYMENT_TARGET = 17.0;
				MARKETING_VERSION = 1.0;
				PRODUCT_BUNDLE_IDENTIFIER = com.test.app.TestAppTests;
				PRODUCT_NAME = "$(TARGET_NAME)";
				SWIFT_EMIT_LOC_STRINGS = NO;
				SWIFT_VERSION = 5.0;
				TARGETED_DEVICE_FAMILY = "1,2";
				TEST_HOST = "$(BUILT_PRODUCTS_DIR)/TestApp.app/$(BUNDLE_EXECUTABLE_FOLDER_PATH)/TestApp";
			};
			name = Debug;
		};
		826551F12B8D0E2300F9F898 /* Release */ = {
			isa = XCBuildConfiguration;
			buildSettings = {
				ALWAYS_EMBED_SWIFT_STANDARD_LIBRARIES = YES;
				BUNDLE_LOADER = "$(TEST_HOST)";
				CODE_SIGN_STYLE = Automatic;
				CURRENT_PROJECT_VERSION = 1;
				DEVELOPMENT_TEAM = 467XKF52W7;
				GENERATE_INFOPLIST_FILE = YES;
				IPHONEOS_DEPLOYMENT_TARGET = 17.0;
				MARKETING_VERSION = 1.0;
				PRODUCT_BUNDLE_IDENTIFIER = com.test.app.TestAppTests;
				PRODUCT_NAME = "$(TARGET_NAME)";
				SWIFT_EMIT_LOC_STRINGS = NO;
				SWIFT_VERSION = 5.0;
				TARGETED_DEVICE_FAMILY = "1,2";
				TEST_HOST = "$(BUILT_PRODUCTS_DIR)/TestApp.app/$(BUNDLE_EXECUTABLE_FOLDER_PATH)/TestApp";
			};
			name = Release;
		};
		826551F32B8D0E2300F9F898 /* Debug */ = {
			isa = XCBuildConfiguration;
			buildSettings = {
				ALWAYS_EMBED_SWIFT_STANDARD_LIBRARIES = YES;
				CODE_SIGN_STYLE = Automatic;
				CURRENT_PROJECT_VERSION = 1;
				DEVELOPMENT_TEAM = 467XKF52W7;
				GENERATE_INFOPLIST_FILE = YES;
				MARKETING_VERSION = 1.0;
				PRODUCT_BUNDLE_IDENTIFIER = com.test.app.TestAppUITests;
				PRODUCT_NAME = "$(TARGET_NAME)";
				SWIFT_EMIT_LOC_STRINGS = NO;
				SWIFT_VERSION = 5.0;
				TARGETED_DEVICE_FAMILY = "1,2";
				TEST_TARGET_NAME = TestApp;
			};
			name = Debug;
		};
		826551F42B8D0E2300F9F898 /* Release */ = {
			isa = XCBuildConfiguration;
			buildSettings = {
				ALWAYS_EMBED_SWIFT_STANDARD_LIBRARIES = YES;
				CODE_SIGN_STYLE = Automatic;
				CURRENT_PROJECT_VERSION = 1;
				DEVELOPMENT_TEAM = 467XKF52W7;
				GENERATE_INFOPLIST_FILE = YES;
				MARKETING_VERSION = 1.0;
				PRODUCT_BUNDLE_IDENTIFIER = com.test.app.TestAppUITests;
				PRODUCT_NAME = "$(TARGET_NAME)";
				SWIFT_EMIT_LOC_STRINGS = NO;
				SWIFT_VERSION = 5.0;
				TARGETED_DEVICE_FAMILY = "1,2";
				TEST_TARGET_NAME = TestApp;
			};
			name = Release;
		};
/* End XCBuildConfiguration section */

/* Begin XCConfigurationList section */
		826551BD2B8D0E2000F9F898 /* Build configuration list for PBXProject "TestApp" */ = {
			isa = XCConfigurationList;
			buildConfigurations = (
				826551EA2B8D0E2300F9F898 /* Debug */,
				826551EB2B8D0E2300F9F898 /* Release */,
			);
			defaultConfigurationIsVisible = 0;
			defaultConfigurationName = Release;
		};
		826551EC2B8D0E2300F9F898 /* Build configuration list for PBXNativeTarget "TestApp" */ = {
			isa = XCConfigurationList;
			buildConfigurations = (
				826551ED2B8D0E2300F9F898 /* Debug */,
				826551EE2B8D0E2300F9F898 /* Release */,
			);
			defaultConfigurationIsVisible = 0;
			defaultConfigurationName = Release;
		};
		826551EF2B8D0E2300F9F898 /* Build configuration list for PBXNativeTarget "TestAppTests" */ = {
			isa = XCConfigurationList;
			buildConfigurations = (
				826551F02B8D0E2300F9F898 /* Debug */,
				826551F12B8D0E2300F9F898 /* Release */,
			);
			defaultConfigurationIsVisible = 0;
			defaultConfigurationName = Release;
		};
		826551F22B8D0E2300F9F898 /* Build configuration list for PBXNativeTarget "TestAppUITests" */ = {
			isa = XCConfigurationList;
			buildConfigurations = (
				826551F32B8D0E2300F9F898 /* Debug */,
				826551F42B8D0E2300F9F898 /* Release */,
			);
			defaultConfigurationIsVisible = 0;
			defaultConfigurationName = Release;
		};
/* End XCConfigurationList section */
	};
	rootObject = 826551BA2B8D0E2000F9F898 /* Project object */;
}
